
Microsoft Visual Studio Solution File, Format Version 12.00
Project("{FAE04EC0-301F-11D3-BF4B-00C04F79EFBC}") = "Teniry.CrudGenerator.SampleApi", "samples\Teniry.CrudGenerator.SampleApi\Teniry.CrudGenerator.SampleApi.csproj", "{5240276D-E299-4464-9CCB-4164B6B0EDE1}"
EndProject
Project("{FAE04EC0-301F-11D3-BF4B-00C04F79EFBC}") = "Teniry.CrudGenerator", "src\Teniry.CrudGenerator\Teniry.CrudGenerator.csproj", "{6F802ABF-8245-432D-9286-77BA4026688D}"
EndProject
Project("{FAE04EC0-301F-11D3-BF4B-00C04F79EFBC}") = "Teniry.CrudGenerator.Abstractions", "src\Teniry.CrudGenerator.Abstractions\Teniry.CrudGenerator.Abstractions.csproj", "{65B13097-C2A0-4977-82F5-7CBF5A6B8E9B}"
EndProject
Project("{FAE04EC0-301F-11D3-BF4B-00C04F79EFBC}") = "Teniry.CrudGenerator.Tests", "tests\Teniry.CrudGenerator.Tests\Teniry.CrudGenerator.Tests.csproj", "{C6392F3E-2D36-49A4-90EA-8DD59A65981B}"
EndProject
Project("{2150E333-8FDC-42A3-9474-1A3956D46DE8}") = "src", "src", "{0DC0F268-D6DD-465B-91B3-CC6045AB3450}"
EndProject
Project("{2150E333-8FDC-42A3-9474-1A3956D46DE8}") = "samples", "samples", "{2A9799AA-BA0B-4027-9B76-0121BC86CC54}"
EndProject
Project("{2150E333-8FDC-42A3-9474-1A3956D46DE8}") = "tests", "tests", "{B1477810-63DA-4F00-B517-483E81114E3C}"
EndProject
Project("{FAE04EC0-301F-11D3-BF4B-00C04F79EFBC}") = "Teniry.CrudGenerator.Mongo.TodoSampleApi", "samples\Teniry.CrudGenerator.Mongo.TodoSampleApi\Teniry.CrudGenerator.Mongo.TodoSampleApi.csproj", "{254AB1B1-1742-4A3C-AB18-7C78F11B71BC}"
EndProject
Project("{FAE04EC0-301F-11D3-BF4B-00C04F79EFBC}") = "Teniry.CrudGenerator.PostgreSql.TodoSampleApi", "samples\Teniry.CrudGenerator.PostgreSql.TodoSampleApi\Teniry.CrudGenerator.PostgreSql.TodoSampleApi.csproj", "{2E871F2C-2497-4019-B5ED-13C873DDC8C3}"
EndProject
Project("{FAE04EC0-301F-11D3-BF4B-00C04F79EFBC}") = "Teniry.CrudGenerator.SampleApiE2eTests", "tests\Teniry.CrudGenerator.SampleApiE2eTests\Teniry.CrudGenerator.SampleApiE2eTests.csproj", "{C0D837DD-581F-4368-AEC1-A4E4434175F5}"
EndProject
Global
	GlobalSection(SolutionConfigurationPlatforms) = preSolution
		Debug|Any CPU = Debug|Any CPU
		Release|Any CPU = Release|Any CPU
	EndGlobalSection
	GlobalSection(ProjectConfigurationPlatforms) = postSolution
		{5240276D-E299-4464-9CCB-4164B6B0EDE1}.Debug|Any CPU.ActiveCfg = Debug|Any CPU
		{5240276D-E299-4464-9CCB-4164B6B0EDE1}.Debug|Any CPU.Build.0 = Debug|Any CPU
		{5240276D-E299-4464-9CCB-4164B6B0EDE1}.Release|Any CPU.ActiveCfg = Release|Any CPU
		{5240276D-E299-4464-9CCB-4164B6B0EDE1}.Release|Any CPU.Build.0 = Release|Any CPU
		{6F802ABF-8245-432D-9286-77BA4026688D}.Debug|Any CPU.ActiveCfg = Debug|Any CPU
		{6F802ABF-8245-432D-9286-77BA4026688D}.Debug|Any CPU.Build.0 = Debug|Any CPU
		{6F802ABF-8245-432D-9286-77BA4026688D}.Release|Any CPU.ActiveCfg = Release|Any CPU
		{6F802ABF-8245-432D-9286-77BA4026688D}.Release|Any CPU.Build.0 = Release|Any CPU
		{65B13097-C2A0-4977-82F5-7CBF5A6B8E9B}.Debug|Any CPU.ActiveCfg = Debug|Any CPU
		{65B13097-C2A0-4977-82F5-7CBF5A6B8E9B}.Debug|Any CPU.Build.0 = Debug|Any CPU
		{65B13097-C2A0-4977-82F5-7CBF5A6B8E9B}.Release|Any CPU.ActiveCfg = Release|Any CPU
		{65B13097-C2A0-4977-82F5-7CBF5A6B8E9B}.Release|Any CPU.Build.0 = Release|Any CPU
		{C6392F3E-2D36-49A4-90EA-8DD59A65981B}.Debug|Any CPU.ActiveCfg = Debug|Any CPU
		{C6392F3E-2D36-49A4-90EA-8DD59A65981B}.Debug|Any CPU.Build.0 = Debug|Any CPU
		{C6392F3E-2D36-49A4-90EA-8DD59A65981B}.Release|Any CPU.ActiveCfg = Release|Any CPU
		{C6392F3E-2D36-49A4-90EA-8DD59A65981B}.Release|Any CPU.Build.0 = Release|Any CPU
		{254AB1B1-1742-4A3C-AB18-7C78F11B71BC}.Debug|Any CPU.ActiveCfg = Debug|Any CPU
		{254AB1B1-1742-4A3C-AB18-7C78F11B71BC}.Debug|Any CPU.Build.0 = Debug|Any CPU
		{254AB1B1-1742-4A3C-AB18-7C78F11B71BC}.Release|Any CPU.ActiveCfg = Release|Any CPU
		{254AB1B1-1742-4A3C-AB18-7C78F11B71BC}.Release|Any CPU.Build.0 = Release|Any CPU
		{2E871F2C-2497-4019-B5ED-13C873DDC8C3}.Debug|Any CPU.ActiveCfg = Debug|Any CPU
		{2E871F2C-2497-4019-B5ED-13C873DDC8C3}.Debug|Any CPU.Build.0 = Debug|Any CPU
		{2E871F2C-2497-4019-B5ED-13C873DDC8C3}.Release|Any CPU.ActiveCfg = Release|Any CPU
		{2E871F2C-2497-4019-B5ED-13C873DDC8C3}.Release|Any CPU.Build.0 = Release|Any CPU
		{C0D837DD-581F-4368-AEC1-A4E4434175F5}.Debug|Any CPU.ActiveCfg = Debug|Any CPU
		{C0D837DD-581F-4368-AEC1-A4E4434175F5}.Debug|Any CPU.Build.0 = Debug|Any CPU
		{C0D837DD-581F-4368-AEC1-A4E4434175F5}.Release|Any CPU.ActiveCfg = Release|Any CPU
		{C0D837DD-581F-4368-AEC1-A4E4434175F5}.Release|Any CPU.Build.0 = Release|Any CPU
	EndGlobalSection
	GlobalSection(NestedProjects) = preSolution
		{6F802ABF-8245-432D-9286-77BA4026688D} = {0DC0F268-D6DD-465B-91B3-CC6045AB3450}
		{65B13097-C2A0-4977-82F5-7CBF5A6B8E9B} = {0DC0F268-D6DD-465B-91B3-CC6045AB3450}
		{5240276D-E299-4464-9CCB-4164B6B0EDE1} = {2A9799AA-BA0B-4027-9B76-0121BC86CC54}
		{C6392F3E-2D36-49A4-90EA-8DD59A65981B} = {B1477810-63DA-4F00-B517-483E81114E3C}
		{254AB1B1-1742-4A3C-AB18-7C78F11B71BC} = {2A9799AA-BA0B-4027-9B76-0121BC86CC54}
		{2E871F2C-2497-4019-B5ED-13C873DDC8C3} = {2A9799AA-BA0B-4027-9B76-0121BC86CC54}
		{C0D837DD-581F-4368-AEC1-A4E4434175F5} = {B1477810-63DA-4F00-B517-483E81114E3C}
	EndGlobalSection
EndGlobal
